// !$*UTF8*$!
{
	archiveVersion = 1;
	classes = {
	};
	objectVersion = 50;
	objects = {

/* Begin PBXBuildFile section */
		BB4C975D2479B1E3009A580F /* AppDelegate.swift in Sources */ = {isa = PBXBuildFile; fileRef = BB4C975C2479B1E3009A580F /* AppDelegate.swift */; };
		BB4C975F2479B1E3009A580F /* SceneDelegate.swift in Sources */ = {isa = PBXBuildFile; fileRef = BB4C975E2479B1E3009A580F /* SceneDelegate.swift */; };
		BB4C97612479B1E3009A580F /* ViewController.swift in Sources */ = {isa = PBXBuildFile; fileRef = BB4C97602479B1E3009A580F /* ViewController.swift */; };
		BB4C97642479B1E3009A580F /* Main.storyboard in Resources */ = {isa = PBXBuildFile; fileRef = BB4C97622479B1E3009A580F /* Main.storyboard */; };
		BB4C97662479B1E4009A580F /* Assets.xcassets in Resources */ = {isa = PBXBuildFile; fileRef = BB4C97652479B1E4009A580F /* Assets.xcassets */; };
		BB4C97692479B1E4009A580F /* LaunchScreen.storyboard in Resources */ = {isa = PBXBuildFile; fileRef = BB4C97672479B1E4009A580F /* LaunchScreen.storyboard */; };
		BB4C97742479B1E5009A580F /* WorldTrotterTests.swift in Sources */ = {isa = PBXBuildFile; fileRef = BB4C97732479B1E5009A580F /* WorldTrotterTests.swift */; };
		BB4C977F2479B1E5009A580F /* WorldTrotterUITests.swift in Sources */ = {isa = PBXBuildFile; fileRef = BB4C977E2479B1E5009A580F /* WorldTrotterUITests.swift */; };
/* End PBXBuildFile section */

/* Begin PBXContainerItemProxy section */
		BB4C97702479B1E5009A580F /* PBXContainerItemProxy */ = {
			isa = PBXContainerItemProxy;
			containerPortal = BB4C97512479B1E3009A580F /* Project object */;
			proxyType = 1;
			remoteGlobalIDString = BB4C97582479B1E3009A580F;
			remoteInfo = WorldTrotter;
		};
		BB4C977B2479B1E5009A580F /* PBXContainerItemProxy */ = {
			isa = PBXContainerItemProxy;
			containerPortal = BB4C97512479B1E3009A580F /* Project object */;
			proxyType = 1;
			remoteGlobalIDString = BB4C97582479B1E3009A580F;
			remoteInfo = WorldTrotter;
		};
/* End PBXContainerItemProxy section */

/* Begin PBXFileReference section */
		BB4C97592479B1E3009A580F /* WorldTrotter.app */ = {isa = PBXFileReference; explicitFileType = wrapper.application; includeInIndex = 0; path = WorldTrotter.app; sourceTree = BUILT_PRODUCTS_DIR; };
		BB4C975C2479B1E3009A580F /* AppDelegate.swift */ = {isa = PBXFileReference; lastKnownFileType = sourcecode.swift; path = AppDelegate.swift; sourceTree = "<group>"; };
		BB4C975E2479B1E3009A580F /* SceneDelegate.swift */ = {isa = PBXFileReference; lastKnownFileType = sourcecode.swift; path = SceneDelegate.swift; sourceTree = "<group>"; };
		BB4C97602479B1E3009A580F /* ViewController.swift */ = {isa = PBXFileReference; lastKnownFileType = sourcecode.swift; path = ViewController.swift; sourceTree = "<group>"; };
		BB4C97632479B1E3009A580F /* Base */ = {isa = PBXFileReference; lastKnownFileType = file.storyboard; name = Base; path = Base.lproj/Main.storyboard; sourceTree = "<group>"; };
		BB4C97652479B1E4009A580F /* Assets.xcassets */ = {isa = PBXFileReference; lastKnownFileType = folder.assetcatalog; path = Assets.xcassets; sourceTree = "<group>"; };
		BB4C97682479B1E4009A580F /* Base */ = {isa = PBXFileReference; lastKnownFileType = file.storyboard; name = Base; path = Base.lproj/LaunchScreen.storyboard; sourceTree = "<group>"; };
		BB4C976A2479B1E4009A580F /* Info.plist */ = {isa = PBXFileReference; lastKnownFileType = text.plist.xml; path = Info.plist; sourceTree = "<group>"; };
		BB4C976F2479B1E5009A580F /* WorldTrotterTests.xctest */ = {isa = PBXFileReference; explicitFileType = wrapper.cfbundle; includeInIndex = 0; path = WorldTrotterTests.xctest; sourceTree = BUILT_PRODUCTS_DIR; };
		BB4C97732479B1E5009A580F /* WorldTrotterTests.swift */ = {isa = PBXFileReference; lastKnownFileType = sourcecode.swift; path = WorldTrotterTests.swift; sourceTree = "<group>"; };
		BB4C97752479B1E5009A580F /* Info.plist */ = {isa = PBXFileReference; lastKnownFileType = text.plist.xml; path = Info.plist; sourceTree = "<group>"; };
		BB4C977A2479B1E5009A580F /* WorldTrotterUITests.xctest */ = {isa = PBXFileReference; explicitFileType = wrapper.cfbundle; includeInIndex = 0; path = WorldTrotterUITests.xctest; sourceTree = BUILT_PRODUCTS_DIR; };
		BB4C977E2479B1E5009A580F /* WorldTrotterUITests.swift */ = {isa = PBXFileReference; lastKnownFileType = sourcecode.swift; path = WorldTrotterUITests.swift; sourceTree = "<group>"; };
		BB4C97802479B1E5009A580F /* Info.plist */ = {isa = PBXFileReference; lastKnownFileType = text.plist.xml; path = Info.plist; sourceTree = "<group>"; };
/* End PBXFileReference section */

/* Begin PBXFrameworksBuildPhase section */
		BB4C97562479B1E3009A580F /* Frameworks */ = {
			isa = PBXFrameworksBuildPhase;
			buildActionMask = 2147483647;
			files = (
			);
			runOnlyForDeploymentPostprocessing = 0;
		};
		BB4C976C2479B1E5009A580F /* Frameworks */ = {
			isa = PBXFrameworksBuildPhase;
			buildActionMask = 2147483647;
			files = (
			);
			runOnlyForDeploymentPostprocessing = 0;
		};
		BB4C97772479B1E5009A580F /* Frameworks */ = {
			isa = PBXFrameworksBuildPhase;
			buildActionMask = 2147483647;
			files = (
			);
			runOnlyForDeploymentPostprocessing = 0;
		};
/* End PBXFrameworksBuildPhase section */

/* Begin PBXGroup section */
		BB4C97502479B1E3009A580F = {
			isa = PBXGroup;
			children = (
				BB4C975B2479B1E3009A580F /* WorldTrotter */,
				BB4C97722479B1E5009A580F /* WorldTrotterTests */,
				BB4C977D2479B1E5009A580F /* WorldTrotterUITests */,
				BB4C975A2479B1E3009A580F /* Products */,
			);
			sourceTree = "<group>";
		};
		BB4C975A2479B1E3009A580F /* Products */ = {
			isa = PBXGroup;
			children = (
				BB4C97592479B1E3009A580F /* WorldTrotter.app */,
				BB4C976F2479B1E5009A580F /* WorldTrotterTests.xctest */,
				BB4C977A2479B1E5009A580F /* WorldTrotterUITests.xctest */,
			);
			name = Products;
			sourceTree = "<group>";
		};
		BB4C975B2479B1E3009A580F /* WorldTrotter */ = {
			isa = PBXGroup;
			children = (
				BB4C975C2479B1E3009A580F /* AppDelegate.swift */,
				BB4C975E2479B1E3009A580F /* SceneDelegate.swift */,
				BB4C97602479B1E3009A580F /* ViewController.swift */,
				BB4C97622479B1E3009A580F /* Main.storyboard */,
				BB4C97652479B1E4009A580F /* Assets.xcassets */,
				BB4C97672479B1E4009A580F /* LaunchScreen.storyboard */,
				BB4C976A2479B1E4009A580F /* Info.plist */,
			);
			path = WorldTrotter;
			sourceTree = "<group>";
		};
		BB4C97722479B1E5009A580F /* WorldTrotterTests */ = {
			isa = PBXGroup;
			children = (
				BB4C97732479B1E5009A580F /* WorldTrotterTests.swift */,
				BB4C97752479B1E5009A580F /* Info.plist */,
			);
			path = WorldTrotterTests;
			sourceTree = "<group>";
		};
		BB4C977D2479B1E5009A580F /* WorldTrotterUITests */ = {
			isa = PBXGroup;
			children = (
				BB4C977E2479B1E5009A580F /* WorldTrotterUITests.swift */,
				BB4C97802479B1E5009A580F /* Info.plist */,
			);
			path = WorldTrotterUITests;
			sourceTree = "<group>";
		};
/* End PBXGroup section */

/* Begin PBXNativeTarget section */
		BB4C97582479B1E3009A580F /* WorldTrotter */ = {
			isa = PBXNativeTarget;
			buildConfigurationList = BB4C97832479B1E5009A580F /* Build configuration list for PBXNativeTarget "WorldTrotter" */;
			buildPhases = (
				BB4C97552479B1E3009A580F /* Sources */,
				BB4C97562479B1E3009A580F /* Frameworks */,
				BB4C97572479B1E3009A580F /* Resources */,
			);
			buildRules = (
			);
			dependencies = (
			);
			name = WorldTrotter;
			productName = WorldTrotter;
			productReference = BB4C97592479B1E3009A580F /* WorldTrotter.app */;
			productType = "com.apple.product-type.application";
		};
		BB4C976E2479B1E5009A580F /* WorldTrotterTests */ = {
			isa = PBXNativeTarget;
			buildConfigurationList = BB4C97862479B1E5009A580F /* Build configuration list for PBXNativeTarget "WorldTrotterTests" */;
			buildPhases = (
				BB4C976B2479B1E5009A580F /* Sources */,
				BB4C976C2479B1E5009A580F /* Frameworks */,
				BB4C976D2479B1E5009A580F /* Resources */,
			);
			buildRules = (
			);
			dependencies = (
				BB4C97712479B1E5009A580F /* PBXTargetDependency */,
			);
			name = WorldTrotterTests;
			productName = WorldTrotterTests;
			productReference = BB4C976F2479B1E5009A580F /* WorldTrotterTests.xctest */;
			productType = "com.apple.product-type.bundle.unit-test";
		};
		BB4C97792479B1E5009A580F /* WorldTrotterUITests */ = {
			isa = PBXNativeTarget;
			buildConfigurationList = BB4C97892479B1E5009A580F /* Build configuration list for PBXNativeTarget "WorldTrotterUITests" */;
			buildPhases = (
				BB4C97762479B1E5009A580F /* Sources */,
				BB4C97772479B1E5009A580F /* Frameworks */,
				BB4C97782479B1E5009A580F /* Resources */,
			);
			buildRules = (
			);
			dependencies = (
				BB4C977C2479B1E5009A580F /* PBXTargetDependency */,
			);
			name = WorldTrotterUITests;
			productName = WorldTrotterUITests;
			productReference = BB4C977A2479B1E5009A580F /* WorldTrotterUITests.xctest */;
			productType = "com.apple.product-type.bundle.ui-testing";
		};
/* End PBXNativeTarget section */

/* Begin PBXProject section */
		BB4C97512479B1E3009A580F /* Project object */ = {
			isa = PBXProject;
			attributes = {
				LastSwiftUpdateCheck = 1130;
				LastUpgradeCheck = 1130;
				ORGANIZATIONNAME = "Glenn Cole";
				TargetAttributes = {
					BB4C97582479B1E3009A580F = {
						CreatedOnToolsVersion = 11.3.1;
					};
					BB4C976E2479B1E5009A580F = {
						CreatedOnToolsVersion = 11.3.1;
						TestTargetID = BB4C97582479B1E3009A580F;
					};
					BB4C97792479B1E5009A580F = {
						CreatedOnToolsVersion = 11.3.1;
						TestTargetID = BB4C97582479B1E3009A580F;
					};
				};
			};
			buildConfigurationList = BB4C97542479B1E3009A580F /* Build configuration list for PBXProject "WorldTrotter" */;
			compatibilityVersion = "Xcode 9.3";
			developmentRegion = en;
			hasScannedForEncodings = 0;
			knownRegions = (
				en,
				Base,
			);
			mainGroup = BB4C97502479B1E3009A580F;
			productRefGroup = BB4C975A2479B1E3009A580F /* Products */;
			projectDirPath = "";
			projectRoot = "";
			targets = (
				BB4C97582479B1E3009A580F /* WorldTrotter */,
				BB4C976E2479B1E5009A580F /* WorldTrotterTests */,
				BB4C97792479B1E5009A580F /* WorldTrotterUITests */,
			);
		};
/* End PBXProject section */

/* Begin PBXResourcesBuildPhase section */
		BB4C97572479B1E3009A580F /* Resources */ = {
			isa = PBXResourcesBuildPhase;
			buildActionMask = 2147483647;
			files = (
				BB4C97692479B1E4009A580F /* LaunchScreen.storyboard in Resources */,
				BB4C97662479B1E4009A580F /* Assets.xcassets in Resources */,
				BB4C97642479B1E3009A580F /* Main.storyboard in Resources */,
			);
			runOnlyForDeploymentPostprocessing = 0;
		};
		BB4C976D2479B1E5009A580F /* Resources */ = {
			isa = PBXResourcesBuildPhase;
			buildActionMask = 2147483647;
			files = (
			);
			runOnlyForDeploymentPostprocessing = 0;
		};
		BB4C97782479B1E5009A580F /* Resources */ = {
			isa = PBXResourcesBuildPhase;
			buildActionMask = 2147483647;
			files = (
			);
			runOnlyForDeploymentPostprocessing = 0;
		};
/* End PBXResourcesBuildPhase section */

/* Begin PBXSourcesBuildPhase section */
		BB4C97552479B1E3009A580F /* Sources */ = {
			isa = PBXSourcesBuildPhase;
			buildActionMask = 2147483647;
			files = (
				BB4C97612479B1E3009A580F /* ViewController.swift in Sources */,
				BB4C975D2479B1E3009A580F /* AppDelegate.swift in Sources */,
				BB4C975F2479B1E3009A580F /* SceneDelegate.swift in Sources */,
			);
			runOnlyForDeploymentPostprocessing = 0;
		};
		BB4C976B2479B1E5009A580F /* Sources */ = {
			isa = PBXSourcesBuildPhase;
			buildActionMask = 2147483647;
			files = (
				BB4C97742479B1E5009A580F /* WorldTrotterTests.swift in Sources */,
			);
			runOnlyForDeploymentPostprocessing = 0;
		};
		BB4C97762479B1E5009A580F /* Sources */ = {
			isa = PBXSourcesBuildPhase;
			buildActionMask = 2147483647;
			files = (
				BB4C977F2479B1E5009A580F /* WorldTrotterUITests.swift in Sources */,
			);
			runOnlyForDeploymentPostprocessing = 0;
		};
/* End PBXSourcesBuildPhase section */

/* Begin PBXTargetDependency section */
		BB4C97712479B1E5009A580F /* PBXTargetDependency */ = {
			isa = PBXTargetDependency;
			target = BB4C97582479B1E3009A580F /* WorldTrotter */;
			targetProxy = BB4C97702479B1E5009A580F /* PBXContainerItemProxy */;
		};
		BB4C977C2479B1E5009A580F /* PBXTargetDependency */ = {
			isa = PBXTargetDependency;
			target = BB4C97582479B1E3009A580F /* WorldTrotter */;
			targetProxy = BB4C977B2479B1E5009A580F /* PBXContainerItemProxy */;
		};
/* End PBXTargetDependency section */

/* Begin PBXVariantGroup section */
		BB4C97622479B1E3009A580F /* Main.storyboard */ = {
			isa = PBXVariantGroup;
			children = (
				BB4C97632479B1E3009A580F /* Base */,
			);
			name = Main.storyboard;
			sourceTree = "<group>";
		};
		BB4C97672479B1E4009A580F /* LaunchScreen.storyboard */ = {
			isa = PBXVariantGroup;
			children = (
				BB4C97682479B1E4009A580F /* Base */,
			);
			name = LaunchScreen.storyboard;
			sourceTree = "<group>";
		};
/* End PBXVariantGroup section */

/* Begin XCBuildConfiguration section */
		BB4C97812479B1E5009A580F /* Debug */ = {
			isa = XCBuildConfiguration;
			buildSettings = {
				ALWAYS_SEARCH_USER_PATHS = NO;
				CLANG_ANALYZER_NONNULL = YES;
				CLANG_ANALYZER_NUMBER_OBJECT_CONVERSION = YES_AGGRESSIVE;
				CLANG_CXX_LANGUAGE_STANDARD = "gnu++14";
				CLANG_CXX_LIBRARY = "libc++";
				CLANG_ENABLE_MODULES = YES;
				CLANG_ENABLE_OBJC_ARC = YES;
				CLANG_ENABLE_OBJC_WEAK = YES;
				CLANG_WARN_BLOCK_CAPTURE_AUTORELEASING = YES;
				CLANG_WARN_BOOL_CONVERSION = YES;
				CLANG_WARN_COMMA = YES;
				CLANG_WARN_CONSTANT_CONVERSION = YES;
				CLANG_WARN_DEPRECATED_OBJC_IMPLEMENTATIONS = YES;
				CLANG_WARN_DIRECT_OBJC_ISA_USAGE = YES_ERROR;
				CLANG_WARN_DOCUMENTATION_COMMENTS = YES;
				CLANG_WARN_EMPTY_BODY = YES;
				CLANG_WARN_ENUM_CONVERSION = YES;
				CLANG_WARN_INFINITE_RECURSION = YES;
				CLANG_WARN_INT_CONVERSION = YES;
				CLANG_WARN_NON_LITERAL_NULL_CONVERSION = YES;
				CLANG_WARN_OBJC_IMPLICIT_RETAIN_SELF = YES;
				CLANG_WARN_OBJC_LITERAL_CONVERSION = YES;
				CLANG_WARN_OBJC_ROOT_CLASS = YES_ERROR;
				CLANG_WARN_RANGE_LOOP_ANALYSIS = YES;
				CLANG_WARN_STRICT_PROTOTYPES = YES;
				CLANG_WARN_SUSPICIOUS_MOVE = YES;
				CLANG_WARN_UNGUARDED_AVAILABILITY = YES_AGGRESSIVE;
				CLANG_WARN_UNREACHABLE_CODE = YES;
				CLANG_WARN__DUPLICATE_METHOD_MATCH = YES;
				COPY_PHASE_STRIP = NO;
				DEBUG_INFORMATION_FORMAT = dwarf;
				ENABLE_STRICT_OBJC_MSGSEND = YES;
				ENABLE_TESTABILITY = YES;
				GCC_C_LANGUAGE_STANDARD = gnu11;
				GCC_DYNAMIC_NO_PIC = NO;
				GCC_NO_COMMON_BLOCKS = YES;
				GCC_OPTIMIZATION_LEVEL = 0;
				GCC_PREPROCESSOR_DEFINITIONS = (
					"DEBUG=1",
					"$(inherited)",
				);
				GCC_WARN_64_TO_32_BIT_CONVERSION = YES;
				GCC_WARN_ABOUT_RETURN_TYPE = YES_ERROR;
				GCC_WARN_UNDECLARED_SELECTOR = YES;
				GCC_WARN_UNINITIALIZED_AUTOS = YES_AGGRESSIVE;
				GCC_WARN_UNUSED_FUNCTION = YES;
				GCC_WARN_UNUSED_VARIABLE = YES;
				IPHONEOS_DEPLOYMENT_TARGET = 13.2;
				MTL_ENABLE_DEBUG_INFO = INCLUDE_SOURCE;
				MTL_FAST_MATH = YES;
				ONLY_ACTIVE_ARCH = YES;
				SDKROOT = iphoneos;
				SWIFT_ACTIVE_COMPILATION_CONDITIONS = DEBUG;
				SWIFT_OPTIMIZATION_LEVEL = "-Onone";
			};
			name = Debug;
		};
		BB4C97822479B1E5009A580F /* Release */ = {
			isa = XCBuildConfiguration;
			buildSettings = {
				ALWAYS_SEARCH_USER_PATHS = NO;
				CLANG_ANALYZER_NONNULL = YES;
				CLANG_ANALYZER_NUMBER_OBJECT_CONVERSION = YES_AGGRESSIVE;
				CLANG_CXX_LANGUAGE_STANDARD = "gnu++14";
				CLANG_CXX_LIBRARY = "libc++";
				CLANG_ENABLE_MODULES = YES;
				CLANG_ENABLE_OBJC_ARC = YES;
				CLANG_ENABLE_OBJC_WEAK = YES;
				CLANG_WARN_BLOCK_CAPTURE_AUTORELEASING = YES;
				CLANG_WARN_BOOL_CONVERSION = YES;
				CLANG_WARN_COMMA = YES;
				CLANG_WARN_CONSTANT_CONVERSION = YES;
				CLANG_WARN_DEPRECATED_OBJC_IMPLEMENTATIONS = YES;
				CLANG_WARN_DIRECT_OBJC_ISA_USAGE = YES_ERROR;
				CLANG_WARN_DOCUMENTATION_COMMENTS = YES;
				CLANG_WARN_EMPTY_BODY = YES;
				CLANG_WARN_ENUM_CONVERSION = YES;
				CLANG_WARN_INFINITE_RECURSION = YES;
				CLANG_WARN_INT_CONVERSION = YES;
				CLANG_WARN_NON_LITERAL_NULL_CONVERSION = YES;
				CLANG_WARN_OBJC_IMPLICIT_RETAIN_SELF = YES;
				CLANG_WARN_OBJC_LITERAL_CONVERSION = YES;
				CLANG_WARN_OBJC_ROOT_CLASS = YES_ERROR;
				CLANG_WARN_RANGE_LOOP_ANALYSIS = YES;
				CLANG_WARN_STRICT_PROTOTYPES = YES;
				CLANG_WARN_SUSPICIOUS_MOVE = YES;
				CLANG_WARN_UNGUARDED_AVAILABILITY = YES_AGGRESSIVE;
				CLANG_WARN_UNREACHABLE_CODE = YES;
				CLANG_WARN__DUPLICATE_METHOD_MATCH = YES;
				COPY_PHASE_STRIP = NO;
				DEBUG_INFORMATION_FORMAT = "dwarf-with-dsym";
				ENABLE_NS_ASSERTIONS = NO;
				ENABLE_STRICT_OBJC_MSGSEND = YES;
				GCC_C_LANGUAGE_STANDARD = gnu11;
				GCC_NO_COMMON_BLOCKS = YES;
				GCC_WARN_64_TO_32_BIT_CONVERSION = YES;
				GCC_WARN_ABOUT_RETURN_TYPE = YES_ERROR;
				GCC_WARN_UNDECLARED_SELECTOR = YES;
				GCC_WARN_UNINITIALIZED_AUTOS = YES_AGGRESSIVE;
				GCC_WARN_UNUSED_FUNCTION = YES;
				GCC_WARN_UNUSED_VARIABLE = YES;
				IPHONEOS_DEPLOYMENT_TARGET = 13.2;
				MTL_ENABLE_DEBUG_INFO = NO;
				MTL_FAST_MATH = YES;
				SDKROOT = iphoneos;
				SWIFT_COMPILATION_MODE = wholemodule;
				SWIFT_OPTIMIZATION_LEVEL = "-O";
				VALIDATE_PRODUCT = YES;
			};
			name = Release;
		};
		BB4C97842479B1E5009A580F /* Debug */ = {
			isa = XCBuildConfiguration;
			buildSettings = {
				ASSETCATALOG_COMPILER_APPICON_NAME = AppIcon;
				CODE_SIGN_STYLE = Automatic;
				DEVELOPMENT_TEAM = S2U6L9RWHC;
				INFOPLIST_FILE = WorldTrotter/Info.plist;
				LD_RUNPATH_SEARCH_PATHS = (
					"$(inherited)",
					"@executable_path/Frameworks",
				);
				PRODUCT_BUNDLE_IDENTIFIER = "com.software-al-dente.WorldTrotter";
				PRODUCT_NAME = "$(TARGET_NAME)";
				SWIFT_VERSION = 5.0;
				TARGETED_DEVICE_FAMILY = "1,2";
			};
			name = Debug;
		};
		BB4C97852479B1E5009A580F /* Release */ = {
			isa = XCBuildConfiguration;
			buildSettings = {
				ASSETCATALOG_COMPILER_APPICON_NAME = AppIcon;
				CODE_SIGN_STYLE = Automatic;
				DEVELOPMENT_TEAM = S2U6L9RWHC;
				INFOPLIST_FILE = WorldTrotter/Info.plist;
				LD_RUNPATH_SEARCH_PATHS = (
					"$(inherited)",
					"@executable_path/Frameworks",
				);
				PRODUCT_BUNDLE_IDENTIFIER = "com.software-al-dente.WorldTrotter";
				PRODUCT_NAME = "$(TARGET_NAME)";
				SWIFT_VERSION = 5.0;
				TARGETED_DEVICE_FAMILY = "1,2";
			};
			name = Release;
		};
		BB4C97872479B1E5009A580F /* Debug */ = {
			isa = XCBuildConfiguration;
			buildSettings = {
				ALWAYS_EMBED_SWIFT_STANDARD_LIBRARIES = YES;
				BUNDLE_LOADER = "$(TEST_HOST)";
				CODE_SIGN_STYLE = Automatic;
				DEVELOPMENT_TEAM = S2U6L9RWHC;
				INFOPLIST_FILE = WorldTrotterTests/Info.plist;
				IPHONEOS_DEPLOYMENT_TARGET = 13.2;
				LD_RUNPATH_SEARCH_PATHS = (
					"$(inherited)",
					"@executable_path/Frameworks",
					"@loader_path/Frameworks",
				);
				PRODUCT_BUNDLE_IDENTIFIER = "com.software-al-dente.WorldTrotterTests";
				PRODUCT_NAME = "$(TARGET_NAME)";
				SWIFT_VERSION = 5.0;
				TARGETED_DEVICE_FAMILY = "1,2";
				TEST_HOST = "$(BUILT_PRODUCTS_DIR)/WorldTrotter.app/WorldTrotter";
			};
			name = Debug;
		};
		BB4C97882479B1E5009A580F /* Release */ = {
			isa = XCBuildConfiguration;
			buildSettings = {
				ALWAYS_EMBED_SWIFT_STANDARD_LIBRARIES = YES;
				BUNDLE_LOADER = "$(TEST_HOST)";
				CODE_SIGN_STYLE = Automatic;
				DEVELOPMENT_TEAM = S2U6L9RWHC;
				INFOPLIST_FILE = WorldTrotterTests/Info.plist;
				IPHONEOS_DEPLOYMENT_TARGET = 13.2;
				LD_RUNPATH_SEARCH_PATHS = (
					"$(inherited)",
					"@executable_path/Frameworks",
					"@loader_path/Frameworks",
				);
				PRODUCT_BUNDLE_IDENTIFIER = "com.software-al-dente.WorldTrotterTests";
				PRODUCT_NAME = "$(TARGET_NAME)";
				SWIFT_VERSION = 5.0;
				TARGETED_DEVICE_FAMILY = "1,2";
				TEST_HOST = "$(BUILT_PRODUCTS_DIR)/WorldTrotter.app/WorldTrotter";
			};
			name = Release;
		};
		BB4C978A2479B1E5009A580F /* Debug */ = {
			isa = XCBuildConfiguration;
			buildSettings = {
				ALWAYS_EMBED_SWIFT_STANDARD_LIBRARIES = YES;
				CODE_SIGN_STYLE = Automatic;
				DEVELOPMENT_TEAM = S2U6L9RWHC;
				INFOPLIST_FILE = WorldTrotterUITests/Info.plist;
				LD_RUNPATH_SEARCH_PATHS = (
					"$(inherited)",
					"@executable_path/Frameworks",
					"@loader_path/Frameworks",
				);
				PRODUCT_BUNDLE_IDENTIFIER = "com.software-al-dente.WorldTrotterUITests";
				PRODUCT_NAME = "$(TARGET_NAME)";
				SWIFT_VERSION = 5.0;
				TARGETED_DEVICE_FAMILY = "1,2";
				TEST_TARGET_NAME = WorldTrotter;
			};
			name = Debug;
		};
		BB4C978B2479B1E5009A580F /* Release */ = {
			isa = XCBuildConfiguration;
			buildSettings = {
				ALWAYS_EMBED_SWIFT_STANDARD_LIBRARIES = YES;
				CODE_SIGN_STYLE = Automatic;
				DEVELOPMENT_TEAM = S2U6L9RWHC;
				INFOPLIST_FILE = WorldTrotterUITests/Info.plist;
				LD_RUNPATH_SEARCH_PATHS = (
					"$(inherited)",
					"@executable_path/Frameworks",
					"@loader_path/Frameworks",
				);
				PRODUCT_BUNDLE_IDENTIFIER = "com.software-al-dente.WorldTrotterUITests";
				PRODUCT_NAME = "$(TARGET_NAME)";
				SWIFT_VERSION = 5.0;
				TARGETED_DEVICE_FAMILY = "1,2";
				TEST_TARGET_NAME = WorldTrotter;
			};
			name = Release;
		};
/* End XCBuildConfiguration section */

/* Begin XCConfigurationList section */
		BB4C97542479B1E3009A580F /* Build configuration list for PBXProject "WorldTrotter" */ = {
			isa = XCConfigurationList;
			buildConfigurations = (
				BB4C97812479B1E5009A580F /* Debug */,
				BB4C97822479B1E5009A580F /* Release */,
			);
			defaultConfigurationIsVisible = 0;
			defaultConfigurationName = Release;
		};
		BB4C97832479B1E5009A580F /* Build configuration list for PBXNativeTarget "WorldTrotter" */ = {
			isa = XCConfigurationList;
			buildConfigurations = (
				BB4C97842479B1E5009A580F /* Debug */,
				BB4C97852479B1E5009A580F /* Release */,
			);
			defaultConfigurationIsVisible = 0;
			defaultConfigurationName = Release;
		};
		BB4C97862479B1E5009A580F /* Build configuration list for PBXNativeTarget "WorldTrotterTests" */ = {
			isa = XCConfigurationList;
			buildConfigurations = (
				BB4C97872479B1E5009A580F /* Debug */,
				BB4C97882479B1E5009A580F /* Release */,
			);
			defaultConfigurationIsVisible = 0;
			defaultConfigurationName = Release;
		};
		BB4C97892479B1E5009A580F /* Build configuration list for PBXNativeTarget "WorldTrotterUITests" */ = {
			isa = XCConfigurationList;
			buildConfigurations = (
				BB4C978A2479B1E5009A580F /* Debug */,
				BB4C978B2479B1E5009A580F /* Release */,
			);
			defaultConfigurationIsVisible = 0;
			defaultConfigurationName = Release;
		};
/* End XCConfigurationList section */
	};
	rootObject = BB4C97512479B1E3009A580F /* Project object */;
}
